
Microsoft Visual Studio Solution File, Format Version 12.00
# Visual Studio Version 17
VisualStudioVersion = 17.1.32228.430
MinimumVisualStudioVersion = 10.0.40219.1
Project("{FAE04EC0-301F-11D3-BF4B-00C04F79EFBC}") = "EntregaHora", "EntregaHora\EntregaHora.csproj", "{F830AC66-F1E9-4339-968A-1A2DF12CC146}"
EndProject
Global
	GlobalSection(SolutionConfigurationPlatforms) = preSolution
		Debug|Any CPU = Debug|Any CPU
		Release|Any CPU = Release|Any CPU
	EndGlobalSection
	GlobalSection(ProjectConfigurationPlatforms) = postSolution
		{F830AC66-F1E9-4339-968A-1A2DF12CC146}.Debug|Any CPU.ActiveCfg = Debug|Any CPU
		{F830AC66-F1E9-4339-968A-1A2DF12CC146}.Debug|Any CPU.Build.0 = Debug|Any CPU
		{F830AC66-F1E9-4339-968A-1A2DF12CC146}.Release|Any CPU.ActiveCfg = Release|Any CPU
		{F830AC66-F1E9-4339-968A-1A2DF12CC146}.Release|Any CPU.Build.0 = Release|Any CPU
	EndGlobalSection
	GlobalSection(SolutionProperties) = preSolution
		HideSolutionNode = FALSE
	EndGlobalSection
	GlobalSection(ExtensibilityGlobals) = postSolution
		SolutionGuid = {9D38E82D-94DC-495C-8217-A34123579264}
	EndGlobalSection
EndGlobal
